
Microsoft Visual Studio Solution File, Format Version 12.00
# Visual Studio Version 17
VisualStudioVersion = 17.2.32630.192
MinimumVisualStudioVersion = 10.0.40219.1
Project("{FAE04EC0-301F-11D3-BF4B-00C04F79EFBC}") = "ProjectWebApiFinal", "ProjectWebApiFinal\ProjectWebApiFinal.csproj", "{5302A6A6-52DF-4BB8-89A4-D48E4A4190E5}"
EndProject
Global
	GlobalSection(SolutionConfigurationPlatforms) = preSolution
		Debug|Any CPU = Debug|Any CPU
		Release|Any CPU = Release|Any CPU
	EndGlobalSection
	GlobalSection(ProjectConfigurationPlatforms) = postSolution
		{5302A6A6-52DF-4BB8-89A4-D48E4A4190E5}.Debug|Any CPU.ActiveCfg = Debug|Any CPU
		{5302A6A6-52DF-4BB8-89A4-D48E4A4190E5}.Debug|Any CPU.Build.0 = Debug|Any CPU
		{5302A6A6-52DF-4BB8-89A4-D48E4A4190E5}.Release|Any CPU.ActiveCfg = Release|Any CPU
		{5302A6A6-52DF-4BB8-89A4-D48E4A4190E5}.Release|Any CPU.Build.0 = Release|Any CPU
	EndGlobalSection
	GlobalSection(SolutionProperties) = preSolution
		HideSolutionNode = FALSE
	EndGlobalSection
	GlobalSection(ExtensibilityGlobals) = postSolution
		SolutionGuid = {E236ECB6-FB43-4037-81F9-8A7F719CDEB1}
	EndGlobalSection
EndGlobal
